{
  "name": "clean-sweep",
  "version": "1.0.0",
  "lockfileVersion": 3,
  "requires": true,
  "packages": {
    "": {
      "name": "clean-sweep",
      "version": "1.0.0",
      "license": "MIT",
      "bin": {
        "clean-sweep": "bin/exec-sweep.js",
        "csw": "bin/exec-sweep.js"
      }
    }
  }
}
