{
  "name": "clean-sweep",
  "version": "0.0.3",
  "lockfileVersion": 3,
  "requires": true,
  "packages": {
    "": {
      "name": "clean-sweep",
      "version": "0.0.3",
      "license": "MIT",
      "bin": {
        "clean-sweep": "bin/exec-sweep.js",
        "csw": "bin/exec-sweep.js"
      },
      "devDependencies": {
        "clean-sweep": "^0.0.3"
      }
    },
    "node_modules/clean-sweep": {
      "version": "0.0.3",
      "resolved": "https://registry.npmjs.org/clean-sweep/-/clean-sweep-0.0.3.tgz",
      "integrity": "sha512-XEfktGW/FnejdguGP4/RGrAEgjfgJydZBrceYgVfkRIol+9GSGoZGI3jzZjLaY/b3ZodUhBUfmEFW3y6beVS0g==",
      "dev": true,
      "bin": {
        "clean-sweep": "bin/exec-sweep.js",
        "csw": "bin/exec-sweep.js"
      }
    }
  }
}
